// !$*UTF8*$!
{
	archiveVersion = 1;
	classes = {
	};
	objectVersion = 50;
	objects = {

/* Begin PBXBuildFile section */
		A439B76826300ACE00719A89 /* AppDelegate.swift in Sources */ = {isa = PBXBuildFile; fileRef = A439B76726300ACE00719A89 /* AppDelegate.swift */; };
		A439B76A26300ACE00719A89 /* SceneDelegate.swift in Sources */ = {isa = PBXBuildFile; fileRef = A439B76926300ACE00719A89 /* SceneDelegate.swift */; };
		A439B76C26300ACE00719A89 /* ContentView.swift in Sources */ = {isa = PBXBuildFile; fileRef = A439B76B26300ACE00719A89 /* ContentView.swift */; };
		A439B77126300AD000719A89 /* Preview Assets.xcassets in Resources */ = {isa = PBXBuildFile; fileRef = A439B77026300AD000719A89 /* Preview Assets.xcassets */; };
		A439B77426300AD000719A89 /* LaunchScreen.storyboard in Resources */ = {isa = PBXBuildFile; fileRef = A439B77226300AD000719A89 /* LaunchScreen.storyboard */; };
		A439B77D26300AED00719A89 /* data.swift in Sources */ = {isa = PBXBuildFile; fileRef = A439B77C26300AED00719A89 /* data.swift */; };
		A439B78826300B9E00719A89 /* andro.swift in Sources */ = {isa = PBXBuildFile; fileRef = A439B78726300B9E00719A89 /* andro.swift */; };
		A439B78C26300D4200719A89 /* Assets.xcassets in Resources */ = {isa = PBXBuildFile; fileRef = A439B78B26300D4200719A89 /* Assets.xcassets */; };
/* End PBXBuildFile section */

/* Begin PBXFileReference section */
		A439B76426300ACD00719A89 /* Android Store.app */ = {isa = PBXFileReference; explicitFileType = wrapper.application; includeInIndex = 0; path = "Android Store.app"; sourceTree = BUILT_PRODUCTS_DIR; };
		A439B76726300ACE00719A89 /* AppDelegate.swift */ = {isa = PBXFileReference; lastKnownFileType = sourcecode.swift; path = AppDelegate.swift; sourceTree = "<group>"; };
		A439B76926300ACE00719A89 /* SceneDelegate.swift */ = {isa = PBXFileReference; lastKnownFileType = sourcecode.swift; path = SceneDelegate.swift; sourceTree = "<group>"; };
		A439B76B26300ACE00719A89 /* ContentView.swift */ = {isa = PBXFileReference; lastKnownFileType = sourcecode.swift; path = ContentView.swift; sourceTree = "<group>"; };
		A439B77026300AD000719A89 /* Preview Assets.xcassets */ = {isa = PBXFileReference; lastKnownFileType = folder.assetcatalog; path = "Preview Assets.xcassets"; sourceTree = "<group>"; };
		A439B77326300AD000719A89 /* Base */ = {isa = PBXFileReference; lastKnownFileType = file.storyboard; name = Base; path = Base.lproj/LaunchScreen.storyboard; sourceTree = "<group>"; };
		A439B77526300AD000719A89 /* Info.plist */ = {isa = PBXFileReference; lastKnownFileType = text.plist.xml; path = Info.plist; sourceTree = "<group>"; };
		A439B77C26300AED00719A89 /* data.swift */ = {isa = PBXFileReference; lastKnownFileType = sourcecode.swift; path = data.swift; sourceTree = "<group>"; };
		A439B78726300B9E00719A89 /* andro.swift */ = {isa = PBXFileReference; lastKnownFileType = sourcecode.swift; path = andro.swift; sourceTree = "<group>"; };
		A439B78B26300D4200719A89 /* Assets.xcassets */ = {isa = PBXFileReference; lastKnownFileType = folder.assetcatalog; name = Assets.xcassets; path = "../../Xc/Iphone but anndroid stor/IphoneStore/IphoneStore/Assets.xcassets"; sourceTree = "<group>"; };
/* End PBXFileReference section */

/* Begin PBXFrameworksBuildPhase section */
		A439B76126300ACD00719A89 /* Frameworks */ = {
			isa = PBXFrameworksBuildPhase;
			buildActionMask = 2147483647;
			files = (
			);
			runOnlyForDeploymentPostprocessing = 0;
		};
/* End PBXFrameworksBuildPhase section */

/* Begin PBXGroup section */
		A439B75B26300ACD00719A89 = {
			isa = PBXGroup;
			children = (
				A439B76626300ACD00719A89 /* Android Store */,
				A439B76526300ACD00719A89 /* Products */,
			);
			sourceTree = "<group>";
		};
		A439B76526300ACD00719A89 /* Products */ = {
			isa = PBXGroup;
			children = (
				A439B76426300ACD00719A89 /* Android Store.app */,
			);
			name = Products;
			sourceTree = "<group>";
		};
		A439B76626300ACD00719A89 /* Android Store */ = {
			isa = PBXGroup;
			children = (
				A439B78626300B2100719A89 /* dupe */,
				A439B77F26300AF600719A89 /* dat */,
				A439B76726300ACE00719A89 /* AppDelegate.swift */,
				A439B76926300ACE00719A89 /* SceneDelegate.swift */,
				A439B76B26300ACE00719A89 /* ContentView.swift */,
				A439B78B26300D4200719A89 /* Assets.xcassets */,
				A439B77226300AD000719A89 /* LaunchScreen.storyboard */,
				A439B77526300AD000719A89 /* Info.plist */,
				A439B76F26300AD000719A89 /* Preview Content */,
			);
			path = "Android Store";
			sourceTree = "<group>";
		};
		A439B76F26300AD000719A89 /* Preview Content */ = {
			isa = PBXGroup;
			children = (
				A439B77026300AD000719A89 /* Preview Assets.xcassets */,
			);
			path = "Preview Content";
			sourceTree = "<group>";
		};
		A439B77F26300AF600719A89 /* dat */ = {
			isa = PBXGroup;
			children = (
				A439B77C26300AED00719A89 /* data.swift */,
			);
			path = dat;
			sourceTree = "<group>";
		};
		A439B78626300B2100719A89 /* dupe */ = {
			isa = PBXGroup;
			children = (
				A439B78726300B9E00719A89 /* andro.swift */,
			);
			path = dupe;
			sourceTree = "<group>";
		};
/* End PBXGroup section */

/* Begin PBXNativeTarget section */
		A439B76326300ACD00719A89 /* Android Store */ = {
			isa = PBXNativeTarget;
			buildConfigurationList = A439B77826300AD100719A89 /* Build configuration list for PBXNativeTarget "Android Store" */;
			buildPhases = (
				A439B76026300ACD00719A89 /* Sources */,
				A439B76126300ACD00719A89 /* Frameworks */,
				A439B76226300ACD00719A89 /* Resources */,
			);
			buildRules = (
			);
			dependencies = (
			);
			name = "Android Store";
			productName = "Android Store";
			productReference = A439B76426300ACD00719A89 /* Android Store.app */;
			productType = "com.apple.product-type.application";
		};
/* End PBXNativeTarget section */

/* Begin PBXProject section */
		A439B75C26300ACD00719A89 /* Project object */ = {
			isa = PBXProject;
			attributes = {
				LastSwiftUpdateCheck = 1210;
				LastUpgradeCheck = 1210;
				TargetAttributes = {
					A439B76326300ACD00719A89 = {
						CreatedOnToolsVersion = 12.1;
					};
				};
			};
			buildConfigurationList = A439B75F26300ACD00719A89 /* Build configuration list for PBXProject "Android Store" */;
			compatibilityVersion = "Xcode 9.3";
			developmentRegion = en;
			hasScannedForEncodings = 0;
			knownRegions = (
				en,
				Base,
			);
			mainGroup = A439B75B26300ACD00719A89;
			productRefGroup = A439B76526300ACD00719A89 /* Products */;
			projectDirPath = "";
			projectRoot = "";
			targets = (
				A439B76326300ACD00719A89 /* Android Store */,
			);
		};
/* End PBXProject section */

/* Begin PBXResourcesBuildPhase section */
		A439B76226300ACD00719A89 /* Resources */ = {
			isa = PBXResourcesBuildPhase;
			buildActionMask = 2147483647;
			files = (
				A439B77426300AD000719A89 /* LaunchScreen.storyboard in Resources */,
				A439B77126300AD000719A89 /* Preview Assets.xcassets in Resources */,
				A439B78C26300D4200719A89 /* Assets.xcassets in Resources */,
			);
			runOnlyForDeploymentPostprocessing = 0;
		};
/* End PBXResourcesBuildPhase section */

/* Begin PBXSourcesBuildPhase section */
		A439B76026300ACD00719A89 /* Sources */ = {
			isa = PBXSourcesBuildPhase;
			buildActionMask = 2147483647;
			files = (
				A439B76826300ACE00719A89 /* AppDelegate.swift in Sources */,
				A439B76A26300ACE00719A89 /* SceneDelegate.swift in Sources */,
				A439B76C26300ACE00719A89 /* ContentView.swift in Sources */,
				A439B78826300B9E00719A89 /* andro.swift in Sources */,
				A439B77D26300AED00719A89 /* data.swift in Sources */,
			);
			runOnlyForDeploymentPostprocessing = 0;
		};
/* End PBXSourcesBuildPhase section */

/* Begin PBXVariantGroup section */
		A439B77226300AD000719A89 /* LaunchScreen.storyboard */ = {
			isa = PBXVariantGroup;
			children = (
				A439B77326300AD000719A89 /* Base */,
			);
			name = LaunchScreen.storyboard;
			sourceTree = "<group>";
		};
/* End PBXVariantGroup section */

/* Begin XCBuildConfiguration section */
		A439B77626300AD100719A89 /* Debug */ = {
			isa = XCBuildConfiguration;
			buildSettings = {
				ALWAYS_SEARCH_USER_PATHS = NO;
				CLANG_ANALYZER_NONNULL = YES;
				CLANG_ANALYZER_NUMBER_OBJECT_CONVERSION = YES_AGGRESSIVE;
				CLANG_CXX_LANGUAGE_STANDARD = "gnu++14";
				CLANG_CXX_LIBRARY = "libc++";
				CLANG_ENABLE_MODULES = YES;
				CLANG_ENABLE_OBJC_ARC = YES;
				CLANG_ENABLE_OBJC_WEAK = YES;
				CLANG_WARN_BLOCK_CAPTURE_AUTORELEASING = YES;
				CLANG_WARN_BOOL_CONVERSION = YES;
				CLANG_WARN_COMMA = YES;
				CLANG_WARN_CONSTANT_CONVERSION = YES;
				CLANG_WARN_DEPRECATED_OBJC_IMPLEMENTATIONS = YES;
				CLANG_WARN_DIRECT_OBJC_ISA_USAGE = YES_ERROR;
				CLANG_WARN_DOCUMENTATION_COMMENTS = YES;
				CLANG_WARN_EMPTY_BODY = YES;
				CLANG_WARN_ENUM_CONVERSION = YES;
				CLANG_WARN_INFINITE_RECURSION = YES;
				CLANG_WARN_INT_CONVERSION = YES;
				CLANG_WARN_NON_LITERAL_NULL_CONVERSION = YES;
				CLANG_WARN_OBJC_IMPLICIT_RETAIN_SELF = YES;
				CLANG_WARN_OBJC_LITERAL_CONVERSION = YES;
				CLANG_WARN_OBJC_ROOT_CLASS = YES_ERROR;
				CLANG_WARN_QUOTED_INCLUDE_IN_FRAMEWORK_HEADER = YES;
				CLANG_WARN_RANGE_LOOP_ANALYSIS = YES;
				CLANG_WARN_STRICT_PROTOTYPES = YES;
				CLANG_WARN_SUSPICIOUS_MOVE = YES;
				CLANG_WARN_UNGUARDED_AVAILABILITY = YES_AGGRESSIVE;
				CLANG_WARN_UNREACHABLE_CODE = YES;
				CLANG_WARN__DUPLICATE_METHOD_MATCH = YES;
				COPY_PHASE_STRIP = NO;
				DEBUG_INFORMATION_FORMAT = dwarf;
				ENABLE_STRICT_OBJC_MSGSEND = YES;
				ENABLE_TESTABILITY = YES;
				GCC_C_LANGUAGE_STANDARD = gnu11;
				GCC_DYNAMIC_NO_PIC = NO;
				GCC_NO_COMMON_BLOCKS = YES;
				GCC_OPTIMIZATION_LEVEL = 0;
				GCC_PREPROCESSOR_DEFINITIONS = (
					"DEBUG=1",
					"$(inherited)",
				);
				GCC_WARN_64_TO_32_BIT_CONVERSION = YES;
				GCC_WARN_ABOUT_RETURN_TYPE = YES_ERROR;
				GCC_WARN_UNDECLARED_SELECTOR = YES;
				GCC_WARN_UNINITIALIZED_AUTOS = YES_AGGRESSIVE;
				GCC_WARN_UNUSED_FUNCTION = YES;
				GCC_WARN_UNUSED_VARIABLE = YES;
				IPHONEOS_DEPLOYMENT_TARGET = 14.1;
				MTL_ENABLE_DEBUG_INFO = INCLUDE_SOURCE;
				MTL_FAST_MATH = YES;
				ONLY_ACTIVE_ARCH = YES;
				SDKROOT = iphoneos;
				SWIFT_ACTIVE_COMPILATION_CONDITIONS = DEBUG;
				SWIFT_OPTIMIZATION_LEVEL = "-Onone";
			};
			name = Debug;
		};
		A439B77726300AD100719A89 /* Release */ = {
			isa = XCBuildConfiguration;
			buildSettings = {
				ALWAYS_SEARCH_USER_PATHS = NO;
				CLANG_ANALYZER_NONNULL = YES;
				CLANG_ANALYZER_NUMBER_OBJECT_CONVERSION = YES_AGGRESSIVE;
				CLANG_CXX_LANGUAGE_STANDARD = "gnu++14";
				CLANG_CXX_LIBRARY = "libc++";
				CLANG_ENABLE_MODULES = YES;
				CLANG_ENABLE_OBJC_ARC = YES;
				CLANG_ENABLE_OBJC_WEAK = YES;
				CLANG_WARN_BLOCK_CAPTURE_AUTORELEASING = YES;
				CLANG_WARN_BOOL_CONVERSION = YES;
				CLANG_WARN_COMMA = YES;
				CLANG_WARN_CONSTANT_CONVERSION = YES;
				CLANG_WARN_DEPRECATED_OBJC_IMPLEMENTATIONS = YES;
				CLANG_WARN_DIRECT_OBJC_ISA_USAGE = YES_ERROR;
				CLANG_WARN_DOCUMENTATION_COMMENTS = YES;
				CLANG_WARN_EMPTY_BODY = YES;
				CLANG_WARN_ENUM_CONVERSION = YES;
				CLANG_WARN_INFINITE_RECURSION = YES;
				CLANG_WARN_INT_CONVERSION = YES;
				CLANG_WARN_NON_LITERAL_NULL_CONVERSION = YES;
				CLANG_WARN_OBJC_IMPLICIT_RETAIN_SELF = YES;
				CLANG_WARN_OBJC_LITERAL_CONVERSION = YES;
				CLANG_WARN_OBJC_ROOT_CLASS = YES_ERROR;
				CLANG_WARN_QUOTED_INCLUDE_IN_FRAMEWORK_HEADER = YES;
				CLANG_WARN_RANGE_LOOP_ANALYSIS = YES;
				CLANG_WARN_STRICT_PROTOTYPES = YES;
				CLANG_WARN_SUSPICIOUS_MOVE = YES;
				CLANG_WARN_UNGUARDED_AVAILABILITY = YES_AGGRESSIVE;
				CLANG_WARN_UNREACHABLE_CODE = YES;
				CLANG_WARN__DUPLICATE_METHOD_MATCH = YES;
				COPY_PHASE_STRIP = NO;
				DEBUG_INFORMATION_FORMAT = "dwarf-with-dsym";
				ENABLE_NS_ASSERTIONS = NO;
				ENABLE_STRICT_OBJC_MSGSEND = YES;
				GCC_C_LANGUAGE_STANDARD = gnu11;
				GCC_NO_COMMON_BLOCKS = YES;
				GCC_WARN_64_TO_32_BIT_CONVERSION = YES;
				GCC_WARN_ABOUT_RETURN_TYPE = YES_ERROR;
				GCC_WARN_UNDECLARED_SELECTOR = YES;
				GCC_WARN_UNINITIALIZED_AUTOS = YES_AGGRESSIVE;
				GCC_WARN_UNUSED_FUNCTION = YES;
				GCC_WARN_UNUSED_VARIABLE = YES;
				IPHONEOS_DEPLOYMENT_TARGET = 14.1;
				MTL_ENABLE_DEBUG_INFO = NO;
				MTL_FAST_MATH = YES;
				SDKROOT = iphoneos;
				SWIFT_COMPILATION_MODE = wholemodule;
				SWIFT_OPTIMIZATION_LEVEL = "-O";
				VALIDATE_PRODUCT = YES;
			};
			name = Release;
		};
		A439B77926300AD100719A89 /* Debug */ = {
			isa = XCBuildConfiguration;
			buildSettings = {
				ASSETCATALOG_COMPILER_APPICON_NAME = AppIcon;
				ASSETCATALOG_COMPILER_GLOBAL_ACCENT_COLOR_NAME = AccentColor;
				CODE_SIGN_STYLE = Automatic;
				DEVELOPMENT_ASSET_PATHS = "\"Android Store/Preview Content\"";
				ENABLE_PREVIEWS = YES;
				INFOPLIST_FILE = "Android Store/Info.plist";
				LD_RUNPATH_SEARCH_PATHS = (
					"$(inherited)",
					"@executable_path/Frameworks",
				);
				PRODUCT_BUNDLE_IDENTIFIER = "com.Android-Store";
				PRODUCT_NAME = "$(TARGET_NAME)";
				SWIFT_VERSION = 5.0;
				TARGETED_DEVICE_FAMILY = "1,2";
			};
			name = Debug;
		};
		A439B77A26300AD100719A89 /* Release */ = {
			isa = XCBuildConfiguration;
			buildSettings = {
				ASSETCATALOG_COMPILER_APPICON_NAME = AppIcon;
				ASSETCATALOG_COMPILER_GLOBAL_ACCENT_COLOR_NAME = AccentColor;
				CODE_SIGN_STYLE = Automatic;
				DEVELOPMENT_ASSET_PATHS = "\"Android Store/Preview Content\"";
				ENABLE_PREVIEWS = YES;
				INFOPLIST_FILE = "Android Store/Info.plist";
				LD_RUNPATH_SEARCH_PATHS = (
					"$(inherited)",
					"@executable_path/Frameworks",
				);
				PRODUCT_BUNDLE_IDENTIFIER = "com.Android-Store";
				PRODUCT_NAME = "$(TARGET_NAME)";
				SWIFT_VERSION = 5.0;
				TARGETED_DEVICE_FAMILY = "1,2";
			};
			name = Release;
		};
/* End XCBuildConfiguration section */

/* Begin XCConfigurationList section */
		A439B75F26300ACD00719A89 /* Build configuration list for PBXProject "Android Store" */ = {
			isa = XCConfigurationList;
			buildConfigurations = (
				A439B77626300AD100719A89 /* Debug */,
				A439B77726300AD100719A89 /* Release */,
			);
			defaultConfigurationIsVisible = 0;
			defaultConfigurationName = Release;
		};
		A439B77826300AD100719A89 /* Build configuration list for PBXNativeTarget "Android Store" */ = {
			isa = XCConfigurationList;
			buildConfigurations = (
				A439B77926300AD100719A89 /* Debug */,
				A439B77A26300AD100719A89 /* Release */,
			);
			defaultConfigurationIsVisible = 0;
			defaultConfigurationName = Release;
		};
/* End XCConfigurationList section */
	};
	rootObject = A439B75C26300ACD00719A89 /* Project object */;
}
